# THIS IS AN AUTOGENERATED FILE. DO NOT EDIT THIS FILE DIRECTLY.
# yarn lockfile v1


react-native-safe-area-context@^4.7.4:
  version "4.7.4"
  resolved "https://registry.yarnpkg.com/react-native-safe-area-context/-/react-native-safe-area-context-4.7.4.tgz#3dd8438971e70043d76f2428ede75b8a9639265e"
  integrity sha512-3LR3DCq9pdzlbq6vsHGWBFehXAKDh2Ljug6jWhLWs1QFuJHM6AS2+mH2JfKlB2LqiSFZOBcZfHQFz0sGaA3uqg==
